
Microsoft Visual Studio Solution File, Format Version 12.00
# Visual Studio Version 16
VisualStudioVersion = 16.0.31025.194
MinimumVisualStudioVersion = 10.0.40219.1
Project("{FAE04EC0-301F-11D3-BF4B-00C04F79EFBC}") = "CleverLily", "CleverLily\CleverLily.csproj", "{07414566-31C5-4D96-89FD-E9EF03756736}"
EndProject
Global
	GlobalSection(SolutionConfigurationPlatforms) = preSolution
		Debug|Any CPU = Debug|Any CPU
		Release|Any CPU = Release|Any CPU
	EndGlobalSection
	GlobalSection(ProjectConfigurationPlatforms) = postSolution
		{07414566-31C5-4D96-89FD-E9EF03756736}.Debug|Any CPU.ActiveCfg = Debug|Any CPU
		{07414566-31C5-4D96-89FD-E9EF03756736}.Debug|Any CPU.Build.0 = Debug|Any CPU
		{07414566-31C5-4D96-89FD-E9EF03756736}.Release|Any CPU.ActiveCfg = Release|Any CPU
		{07414566-31C5-4D96-89FD-E9EF03756736}.Release|Any CPU.Build.0 = Release|Any CPU
	EndGlobalSection
	GlobalSection(SolutionProperties) = preSolution
		HideSolutionNode = FALSE
	EndGlobalSection
	GlobalSection(ExtensibilityGlobals) = postSolution
		SolutionGuid = {6793228C-C776-4690-A58B-5D5AA4826408}
	EndGlobalSection
EndGlobal
