
Microsoft Visual Studio Solution File, Format Version 12.00
# Visual Studio Version 16
VisualStudioVersion = 16.0.31025.194
MinimumVisualStudioVersion = 10.0.40219.1
Project("{9A19103F-16F7-4668-BE54-9A1E7A4F7556}") = "Coins", "Coins\Coins.csproj", "{83D7A87C-0E77-4445-A214-02CB1A4552E2}"
EndProject
Project("{FAE04EC0-301F-11D3-BF4B-00C04F79EFBC}") = "o2Coins", "o2Coins\o2Coins.csproj", "{6297AEB7-0E3B-466E-8141-64FFC2C9317D}"
EndProject
Global
	GlobalSection(SolutionConfigurationPlatforms) = preSolution
		Debug|Any CPU = Debug|Any CPU
		Release|Any CPU = Release|Any CPU
	EndGlobalSection
	GlobalSection(ProjectConfigurationPlatforms) = postSolution
		{83D7A87C-0E77-4445-A214-02CB1A4552E2}.Debug|Any CPU.ActiveCfg = Debug|Any CPU
		{83D7A87C-0E77-4445-A214-02CB1A4552E2}.Debug|Any CPU.Build.0 = Debug|Any CPU
		{83D7A87C-0E77-4445-A214-02CB1A4552E2}.Release|Any CPU.ActiveCfg = Release|Any CPU
		{83D7A87C-0E77-4445-A214-02CB1A4552E2}.Release|Any CPU.Build.0 = Release|Any CPU
		{6297AEB7-0E3B-466E-8141-64FFC2C9317D}.Debug|Any CPU.ActiveCfg = Debug|Any CPU
		{6297AEB7-0E3B-466E-8141-64FFC2C9317D}.Debug|Any CPU.Build.0 = Debug|Any CPU
		{6297AEB7-0E3B-466E-8141-64FFC2C9317D}.Release|Any CPU.ActiveCfg = Release|Any CPU
		{6297AEB7-0E3B-466E-8141-64FFC2C9317D}.Release|Any CPU.Build.0 = Release|Any CPU
	EndGlobalSection
	GlobalSection(SolutionProperties) = preSolution
		HideSolutionNode = FALSE
	EndGlobalSection
	GlobalSection(ExtensibilityGlobals) = postSolution
		SolutionGuid = {08D80E11-8A37-4629-9A4C-3F76F12AFB3F}
	EndGlobalSection
EndGlobal
