
Microsoft Visual Studio Solution File, Format Version 12.00
# Visual Studio Version 16
VisualStudioVersion = 16.0.31019.35
MinimumVisualStudioVersion = 10.0.40219.1
Project("{FAE04EC0-301F-11D3-BF4B-00C04F79EFBC}") = "loop100", "loop100\loop100.csproj", "{76D61376-F484-4144-BEEB-95F26F25599B}"
EndProject
Global
	GlobalSection(SolutionConfigurationPlatforms) = preSolution
		Debug|Any CPU = Debug|Any CPU
		Release|Any CPU = Release|Any CPU
	EndGlobalSection
	GlobalSection(ProjectConfigurationPlatforms) = postSolution
		{76D61376-F484-4144-BEEB-95F26F25599B}.Debug|Any CPU.ActiveCfg = Debug|Any CPU
		{76D61376-F484-4144-BEEB-95F26F25599B}.Debug|Any CPU.Build.0 = Debug|Any CPU
		{76D61376-F484-4144-BEEB-95F26F25599B}.Release|Any CPU.ActiveCfg = Release|Any CPU
		{76D61376-F484-4144-BEEB-95F26F25599B}.Release|Any CPU.Build.0 = Release|Any CPU
	EndGlobalSection
	GlobalSection(SolutionProperties) = preSolution
		HideSolutionNode = FALSE
	EndGlobalSection
	GlobalSection(ExtensibilityGlobals) = postSolution
		SolutionGuid = {2990EAE2-A96C-42B9-B408-2D04CA6D9861}
	EndGlobalSection
EndGlobal
